// !$*UTF8*$!
{
	archiveVersion = 1;
	classes = {
	};
	objectVersion = 56;
	objects = {

/* Begin PBXBuildFile section */
		B41536CD2B755C34008191FA /* RoutePlannerApp.swift in Sources */ = {isa = PBXBuildFile; fileRef = B41536CC2B755C34008191FA /* RoutePlannerApp.swift */; };
		B41536D12B755C36008191FA /* Assets.xcassets in Resources */ = {isa = PBXBuildFile; fileRef = B41536D02B755C36008191FA /* Assets.xcassets */; };
		B41536D42B755C36008191FA /* Preview Assets.xcassets in Resources */ = {isa = PBXBuildFile; fileRef = B41536D32B755C36008191FA /* Preview Assets.xcassets */; };
		B4A549E02B7E9ED7008CB046 /* TripsView.swift in Sources */ = {isa = PBXBuildFile; fileRef = B4A549DF2B7E9ED7008CB046 /* TripsView.swift */; };
		B4A549E22B7E9F24008CB046 /* NotificationsView.swift in Sources */ = {isa = PBXBuildFile; fileRef = B4A549E12B7E9F24008CB046 /* NotificationsView.swift */; };
		B4A549E42B7E9F4D008CB046 /* ProfileView.swift in Sources */ = {isa = PBXBuildFile; fileRef = B4A549E32B7E9F4D008CB046 /* ProfileView.swift */; };
		B4A549E62B7E9FC8008CB046 /* RootView.swift in Sources */ = {isa = PBXBuildFile; fileRef = B4A549E52B7E9FC8008CB046 /* RootView.swift */; };
		B4A549EA2B7F08CA008CB046 /* NewTripView.swift in Sources */ = {isa = PBXBuildFile; fileRef = B4A549E92B7F08CA008CB046 /* NewTripView.swift */; };
		B4A549EC2B7F2B00008CB046 /* SearchMapsView.swift in Sources */ = {isa = PBXBuildFile; fileRef = B4A549EB2B7F2B00008CB046 /* SearchMapsView.swift */; };
		B4A549EE2B803CA8008CB046 /* TripDetailView.swift in Sources */ = {isa = PBXBuildFile; fileRef = B4A549ED2B803CA8008CB046 /* TripDetailView.swift */; };
		B4A54A2B2B82FF73008CB046 /* LoginView.swift in Sources */ = {isa = PBXBuildFile; fileRef = B4A54A2A2B82FF73008CB046 /* LoginView.swift */; };
		B4A54A2D2B830727008CB046 /* SignUpView.swift in Sources */ = {isa = PBXBuildFile; fileRef = B4A54A2C2B830727008CB046 /* SignUpView.swift */; };
		B4AC4BD22B86D5EE00801C05 /* MapView.swift in Sources */ = {isa = PBXBuildFile; fileRef = B4AC4BD12B86D5ED00801C05 /* MapView.swift */; };
		BE36FC742BD89E9F001CB49B /* SwiftUIView.swift in Sources */ = {isa = PBXBuildFile; fileRef = BE36FC732BD89E9F001CB49B /* SwiftUIView.swift */; };
		BE36FC762BD8A247001CB49B /* PublicTripView.swift in Sources */ = {isa = PBXBuildFile; fileRef = BE36FC752BD8A247001CB49B /* PublicTripView.swift */; };
		BE58EF7A2BCDE4F00016DB16 /* FirebaseAnalytics in Frameworks */ = {isa = PBXBuildFile; productRef = BE58EF792BCDE4F00016DB16 /* FirebaseAnalytics */; };
		BE58EF7C2BCDE4F00016DB16 /* FirebaseAnalyticsOnDeviceConversion in Frameworks */ = {isa = PBXBuildFile; productRef = BE58EF7B2BCDE4F00016DB16 /* FirebaseAnalyticsOnDeviceConversion */; };
		BE58EF7E2BCDE4F00016DB16 /* FirebaseAnalyticsSwift in Frameworks */ = {isa = PBXBuildFile; productRef = BE58EF7D2BCDE4F00016DB16 /* FirebaseAnalyticsSwift */; };
		BE58EF802BCDE4F00016DB16 /* FirebaseAnalyticsWithoutAdIdSupport in Frameworks */ = {isa = PBXBuildFile; productRef = BE58EF7F2BCDE4F00016DB16 /* FirebaseAnalyticsWithoutAdIdSupport */; };
		BE58EF822BCDE4F00016DB16 /* FirebaseAppCheck in Frameworks */ = {isa = PBXBuildFile; productRef = BE58EF812BCDE4F00016DB16 /* FirebaseAppCheck */; };
		BE58EF842BCDE4F00016DB16 /* FirebaseAppDistribution-Beta in Frameworks */ = {isa = PBXBuildFile; productRef = BE58EF832BCDE4F00016DB16 /* FirebaseAppDistribution-Beta */; };
		BE58EF862BCDE4F00016DB16 /* FirebaseAuth in Frameworks */ = {isa = PBXBuildFile; productRef = BE58EF852BCDE4F00016DB16 /* FirebaseAuth */; };
		BE58EF882BCDE4F00016DB16 /* FirebaseAuthCombine-Community in Frameworks */ = {isa = PBXBuildFile; productRef = BE58EF872BCDE4F00016DB16 /* FirebaseAuthCombine-Community */; };
		BE58EF8A2BCDE4F00016DB16 /* FirebaseCrashlytics in Frameworks */ = {isa = PBXBuildFile; productRef = BE58EF892BCDE4F00016DB16 /* FirebaseCrashlytics */; };
		BE58EF8C2BCDE4F00016DB16 /* FirebaseDatabase in Frameworks */ = {isa = PBXBuildFile; productRef = BE58EF8B2BCDE4F00016DB16 /* FirebaseDatabase */; };
		BE58EF8E2BCDE4F00016DB16 /* FirebaseDatabaseSwift in Frameworks */ = {isa = PBXBuildFile; productRef = BE58EF8D2BCDE4F00016DB16 /* FirebaseDatabaseSwift */; };
		BE58EF902BCDE4F00016DB16 /* FirebaseDynamicLinks in Frameworks */ = {isa = PBXBuildFile; productRef = BE58EF8F2BCDE4F00016DB16 /* FirebaseDynamicLinks */; };
		BE58EF922BCDE4F00016DB16 /* FirebaseFirestore in Frameworks */ = {isa = PBXBuildFile; productRef = BE58EF912BCDE4F00016DB16 /* FirebaseFirestore */; };
		BE58EF942BCDE4F00016DB16 /* FirebaseFirestoreCombine-Community in Frameworks */ = {isa = PBXBuildFile; productRef = BE58EF932BCDE4F00016DB16 /* FirebaseFirestoreCombine-Community */; };
		BE58EF962BCDE4F00016DB16 /* FirebaseFirestoreSwift in Frameworks */ = {isa = PBXBuildFile; productRef = BE58EF952BCDE4F00016DB16 /* FirebaseFirestoreSwift */; };
		BE58EF982BCDE4F00016DB16 /* FirebaseFunctions in Frameworks */ = {isa = PBXBuildFile; productRef = BE58EF972BCDE4F00016DB16 /* FirebaseFunctions */; };
		BE58EF9A2BCDE4F00016DB16 /* FirebaseFunctionsCombine-Community in Frameworks */ = {isa = PBXBuildFile; productRef = BE58EF992BCDE4F00016DB16 /* FirebaseFunctionsCombine-Community */; };
		BE58EF9C2BCDE4F00016DB16 /* FirebaseInAppMessaging-Beta in Frameworks */ = {isa = PBXBuildFile; productRef = BE58EF9B2BCDE4F00016DB16 /* FirebaseInAppMessaging-Beta */; };
		BE58EF9E2BCDE4F00016DB16 /* FirebaseInAppMessagingSwift-Beta in Frameworks */ = {isa = PBXBuildFile; productRef = BE58EF9D2BCDE4F00016DB16 /* FirebaseInAppMessagingSwift-Beta */; };
		BE58EFA02BCDE4F00016DB16 /* FirebaseInstallations in Frameworks */ = {isa = PBXBuildFile; productRef = BE58EF9F2BCDE4F00016DB16 /* FirebaseInstallations */; };
		BE58EFA22BCDE4F00016DB16 /* FirebaseMLModelDownloader in Frameworks */ = {isa = PBXBuildFile; productRef = BE58EFA12BCDE4F00016DB16 /* FirebaseMLModelDownloader */; };
		BE58EFA42BCDE4F00016DB16 /* FirebaseMessaging in Frameworks */ = {isa = PBXBuildFile; productRef = BE58EFA32BCDE4F00016DB16 /* FirebaseMessaging */; };
		BE58EFA62BCDE4F00016DB16 /* FirebasePerformance in Frameworks */ = {isa = PBXBuildFile; productRef = BE58EFA52BCDE4F00016DB16 /* FirebasePerformance */; };
		BE58EFA82BCDE4F00016DB16 /* FirebaseRemoteConfig in Frameworks */ = {isa = PBXBuildFile; productRef = BE58EFA72BCDE4F00016DB16 /* FirebaseRemoteConfig */; };
		BE58EFAA2BCDE4F00016DB16 /* FirebaseRemoteConfigSwift in Frameworks */ = {isa = PBXBuildFile; productRef = BE58EFA92BCDE4F00016DB16 /* FirebaseRemoteConfigSwift */; };
		BE58EFAC2BCDE4F00016DB16 /* FirebaseStorage in Frameworks */ = {isa = PBXBuildFile; productRef = BE58EFAB2BCDE4F00016DB16 /* FirebaseStorage */; };
		BE58EFAE2BCDE4F00016DB16 /* FirebaseStorageCombine-Community in Frameworks */ = {isa = PBXBuildFile; productRef = BE58EFAD2BCDE4F00016DB16 /* FirebaseStorageCombine-Community */; };
		BE58EFB02BCDE6610016DB16 /* GoogleService-Info.plist in Resources */ = {isa = PBXBuildFile; fileRef = BE58EFAF2BCDE6610016DB16 /* GoogleService-Info.plist */; };
		BE58EFB42BCE919B0016DB16 /* TripEditView.swift in Sources */ = {isa = PBXBuildFile; fileRef = BE58EFB32BCE919B0016DB16 /* TripEditView.swift */; };
		BE5C43232BD51DCF00320350 /* FirebaseAnalytics in Frameworks */ = {isa = PBXBuildFile; productRef = BE5C43222BD51DCF00320350 /* FirebaseAnalytics */; };
		BE5C43252BD51DCF00320350 /* FirebaseAnalyticsOnDeviceConversion in Frameworks */ = {isa = PBXBuildFile; productRef = BE5C43242BD51DCF00320350 /* FirebaseAnalyticsOnDeviceConversion */; };
		BE5C43272BD51DCF00320350 /* FirebaseAnalyticsSwift in Frameworks */ = {isa = PBXBuildFile; productRef = BE5C43262BD51DCF00320350 /* FirebaseAnalyticsSwift */; };
		BE5C43292BD51DCF00320350 /* FirebaseAnalyticsWithoutAdIdSupport in Frameworks */ = {isa = PBXBuildFile; productRef = BE5C43282BD51DCF00320350 /* FirebaseAnalyticsWithoutAdIdSupport */; };
		BE5C432B2BD51DCF00320350 /* FirebaseAppCheck in Frameworks */ = {isa = PBXBuildFile; productRef = BE5C432A2BD51DCF00320350 /* FirebaseAppCheck */; };
		BE5C432D2BD51DCF00320350 /* FirebaseAppDistribution-Beta in Frameworks */ = {isa = PBXBuildFile; productRef = BE5C432C2BD51DCF00320350 /* FirebaseAppDistribution-Beta */; };
		BE5C432F2BD51DCF00320350 /* FirebaseAuth in Frameworks */ = {isa = PBXBuildFile; productRef = BE5C432E2BD51DCF00320350 /* FirebaseAuth */; };
		BE5C43312BD51DCF00320350 /* FirebaseAuthCombine-Community in Frameworks */ = {isa = PBXBuildFile; productRef = BE5C43302BD51DCF00320350 /* FirebaseAuthCombine-Community */; };
		BE5C43332BD51DCF00320350 /* FirebaseCrashlytics in Frameworks */ = {isa = PBXBuildFile; productRef = BE5C43322BD51DCF00320350 /* FirebaseCrashlytics */; };
		BE5C43352BD51DCF00320350 /* FirebaseDatabase in Frameworks */ = {isa = PBXBuildFile; productRef = BE5C43342BD51DCF00320350 /* FirebaseDatabase */; };
		BE5C43372BD51DCF00320350 /* FirebaseDatabaseSwift in Frameworks */ = {isa = PBXBuildFile; productRef = BE5C43362BD51DCF00320350 /* FirebaseDatabaseSwift */; };
		BE5C43392BD51DCF00320350 /* FirebaseDynamicLinks in Frameworks */ = {isa = PBXBuildFile; productRef = BE5C43382BD51DCF00320350 /* FirebaseDynamicLinks */; };
		BE5C433B2BD51DCF00320350 /* FirebaseFirestore in Frameworks */ = {isa = PBXBuildFile; productRef = BE5C433A2BD51DCF00320350 /* FirebaseFirestore */; };
		BE5C433D2BD51DCF00320350 /* FirebaseFirestoreCombine-Community in Frameworks */ = {isa = PBXBuildFile; productRef = BE5C433C2BD51DCF00320350 /* FirebaseFirestoreCombine-Community */; };
		BE5C433F2BD51DCF00320350 /* FirebaseFirestoreSwift in Frameworks */ = {isa = PBXBuildFile; productRef = BE5C433E2BD51DCF00320350 /* FirebaseFirestoreSwift */; };
		BE5C43412BD51DCF00320350 /* FirebaseFunctions in Frameworks */ = {isa = PBXBuildFile; productRef = BE5C43402BD51DCF00320350 /* FirebaseFunctions */; };
		BE5C43432BD51DCF00320350 /* FirebaseFunctionsCombine-Community in Frameworks */ = {isa = PBXBuildFile; productRef = BE5C43422BD51DCF00320350 /* FirebaseFunctionsCombine-Community */; };
		BE5C43452BD51DCF00320350 /* FirebaseInAppMessaging-Beta in Frameworks */ = {isa = PBXBuildFile; productRef = BE5C43442BD51DCF00320350 /* FirebaseInAppMessaging-Beta */; };
		BE5C43472BD51DCF00320350 /* FirebaseInAppMessagingSwift-Beta in Frameworks */ = {isa = PBXBuildFile; productRef = BE5C43462BD51DCF00320350 /* FirebaseInAppMessagingSwift-Beta */; };
		BE5C43492BD51DCF00320350 /* FirebaseInstallations in Frameworks */ = {isa = PBXBuildFile; productRef = BE5C43482BD51DCF00320350 /* FirebaseInstallations */; };
		BE5C434B2BD51DCF00320350 /* FirebaseMLModelDownloader in Frameworks */ = {isa = PBXBuildFile; productRef = BE5C434A2BD51DCF00320350 /* FirebaseMLModelDownloader */; };
		BE5C434D2BD51DCF00320350 /* FirebaseMessaging in Frameworks */ = {isa = PBXBuildFile; productRef = BE5C434C2BD51DCF00320350 /* FirebaseMessaging */; };
		BE5C434F2BD51DCF00320350 /* FirebasePerformance in Frameworks */ = {isa = PBXBuildFile; productRef = BE5C434E2BD51DCF00320350 /* FirebasePerformance */; };
		BE5C43512BD51DCF00320350 /* FirebaseRemoteConfig in Frameworks */ = {isa = PBXBuildFile; productRef = BE5C43502BD51DCF00320350 /* FirebaseRemoteConfig */; };
		BE5C43532BD51DCF00320350 /* FirebaseRemoteConfigSwift in Frameworks */ = {isa = PBXBuildFile; productRef = BE5C43522BD51DCF00320350 /* FirebaseRemoteConfigSwift */; };
		BE5C43552BD51DCF00320350 /* FirebaseStorage in Frameworks */ = {isa = PBXBuildFile; productRef = BE5C43542BD51DCF00320350 /* FirebaseStorage */; };
		BE5C43572BD51DCF00320350 /* FirebaseStorageCombine-Community in Frameworks */ = {isa = PBXBuildFile; productRef = BE5C43562BD51DCF00320350 /* FirebaseStorageCombine-Community */; };
		BE5C435B2BD51FB400320350 /* ImagePicker.swift in Sources */ = {isa = PBXBuildFile; fileRef = BE5C435A2BD51FB400320350 /* ImagePicker.swift */; };
		BE5C435D2BD526E500320350 /* ImageViewer.swift in Sources */ = {isa = PBXBuildFile; fileRef = BE5C435C2BD526E500320350 /* ImageViewer.swift */; };
		BE5C43602BD52A7D00320350 /* BSImagePicker in Frameworks */ = {isa = PBXBuildFile; productRef = BE5C435F2BD52A7D00320350 /* BSImagePicker */; };
		BE5C43622BD52A8B00320350 /* BSImagePicker in Frameworks */ = {isa = PBXBuildFile; productRef = BE5C43612BD52A8B00320350 /* BSImagePicker */; };
		BE5CCEC62BD7C953008AB94F /* NetworkMonitor.swift in Sources */ = {isa = PBXBuildFile; fileRef = BE5CCEC52BD7C953008AB94F /* NetworkMonitor.swift */; };
		BE5CCEC82BD7D065008AB94F /* LocationRowView.swift in Sources */ = {isa = PBXBuildFile; fileRef = BE5CCEC72BD7D065008AB94F /* LocationRowView.swift */; };
		BE5CCECA2BD7D6AD008AB94F /* HomeView.swift in Sources */ = {isa = PBXBuildFile; fileRef = BE5CCEC92BD7D6AD008AB94F /* HomeView.swift */; };
		BE5D416B2BD0F00A00B259A6 /* LocationManager.swift in Sources */ = {isa = PBXBuildFile; fileRef = BE5D416A2BD0F00A00B259A6 /* LocationManager.swift */; };
		BE5D41772BD132BF00B259A6 /* Trip.swift in Sources */ = {isa = PBXBuildFile; fileRef = BE5D41762BD132BF00B259A6 /* Trip.swift */; };
		BE5D41792BD132E100B259A6 /* Location.swift in Sources */ = {isa = PBXBuildFile; fileRef = BE5D41782BD132E100B259A6 /* Location.swift */; };
		BE5D417B2BD1331500B259A6 /* User.swift in Sources */ = {isa = PBXBuildFile; fileRef = BE5D417A2BD1331500B259A6 /* User.swift */; };
		BE5D417D2BD1334D00B259A6 /* ViewModel.swift in Sources */ = {isa = PBXBuildFile; fileRef = BE5D417C2BD1334D00B259A6 /* ViewModel.swift */; };
/* End PBXBuildFile section */

/* Begin PBXFileReference section */
		B41536C92B755C34008191FA /* RoutePlanner.app */ = {isa = PBXFileReference; explicitFileType = wrapper.application; includeInIndex = 0; path = RoutePlanner.app; sourceTree = BUILT_PRODUCTS_DIR; };
		B41536CC2B755C34008191FA /* RoutePlannerApp.swift */ = {isa = PBXFileReference; lastKnownFileType = sourcecode.swift; path = RoutePlannerApp.swift; sourceTree = "<group>"; };
		B41536D02B755C36008191FA /* Assets.xcassets */ = {isa = PBXFileReference; lastKnownFileType = folder.assetcatalog; path = Assets.xcassets; sourceTree = "<group>"; };
		B41536D32B755C36008191FA /* Preview Assets.xcassets */ = {isa = PBXFileReference; lastKnownFileType = folder.assetcatalog; path = "Preview Assets.xcassets"; sourceTree = "<group>"; };
		B4A549DF2B7E9ED7008CB046 /* TripsView.swift */ = {isa = PBXFileReference; lastKnownFileType = sourcecode.swift; path = TripsView.swift; sourceTree = "<group>"; };
		B4A549E12B7E9F24008CB046 /* NotificationsView.swift */ = {isa = PBXFileReference; lastKnownFileType = sourcecode.swift; path = NotificationsView.swift; sourceTree = "<group>"; };
		B4A549E32B7E9F4D008CB046 /* ProfileView.swift */ = {isa = PBXFileReference; lastKnownFileType = sourcecode.swift; path = ProfileView.swift; sourceTree = "<group>"; };
		B4A549E52B7E9FC8008CB046 /* RootView.swift */ = {isa = PBXFileReference; lastKnownFileType = sourcecode.swift; path = RootView.swift; sourceTree = "<group>"; };
		B4A549E92B7F08CA008CB046 /* NewTripView.swift */ = {isa = PBXFileReference; lastKnownFileType = sourcecode.swift; path = NewTripView.swift; sourceTree = "<group>"; };
		B4A549EB2B7F2B00008CB046 /* SearchMapsView.swift */ = {isa = PBXFileReference; lastKnownFileType = sourcecode.swift; path = SearchMapsView.swift; sourceTree = "<group>"; };
		B4A549ED2B803CA8008CB046 /* TripDetailView.swift */ = {isa = PBXFileReference; lastKnownFileType = sourcecode.swift; path = TripDetailView.swift; sourceTree = "<group>"; };
		B4A54A2A2B82FF73008CB046 /* LoginView.swift */ = {isa = PBXFileReference; lastKnownFileType = sourcecode.swift; path = LoginView.swift; sourceTree = "<group>"; };
		B4A54A2C2B830727008CB046 /* SignUpView.swift */ = {isa = PBXFileReference; lastKnownFileType = sourcecode.swift; path = SignUpView.swift; sourceTree = "<group>"; };
		B4AC4BD12B86D5ED00801C05 /* MapView.swift */ = {isa = PBXFileReference; lastKnownFileType = sourcecode.swift; path = MapView.swift; sourceTree = "<group>"; };
		BE36FC732BD89E9F001CB49B /* SwiftUIView.swift */ = {isa = PBXFileReference; lastKnownFileType = sourcecode.swift; path = SwiftUIView.swift; sourceTree = "<group>"; };
		BE36FC752BD8A247001CB49B /* PublicTripView.swift */ = {isa = PBXFileReference; lastKnownFileType = sourcecode.swift; path = PublicTripView.swift; sourceTree = "<group>"; };
		BE58EFAF2BCDE6610016DB16 /* GoogleService-Info.plist */ = {isa = PBXFileReference; fileEncoding = 4; lastKnownFileType = text.plist.xml; path = "GoogleService-Info.plist"; sourceTree = "<group>"; };
		BE58EFB32BCE919B0016DB16 /* TripEditView.swift */ = {isa = PBXFileReference; lastKnownFileType = sourcecode.swift; path = TripEditView.swift; sourceTree = "<group>"; };
		BE5C435A2BD51FB400320350 /* ImagePicker.swift */ = {isa = PBXFileReference; lastKnownFileType = sourcecode.swift; path = ImagePicker.swift; sourceTree = "<group>"; };
		BE5C435C2BD526E500320350 /* ImageViewer.swift */ = {isa = PBXFileReference; lastKnownFileType = sourcecode.swift; path = ImageViewer.swift; sourceTree = "<group>"; };
		BE5CCEC52BD7C953008AB94F /* NetworkMonitor.swift */ = {isa = PBXFileReference; lastKnownFileType = sourcecode.swift; path = NetworkMonitor.swift; sourceTree = "<group>"; };
		BE5CCEC72BD7D065008AB94F /* LocationRowView.swift */ = {isa = PBXFileReference; lastKnownFileType = sourcecode.swift; path = LocationRowView.swift; sourceTree = "<group>"; };
		BE5CCEC92BD7D6AD008AB94F /* HomeView.swift */ = {isa = PBXFileReference; lastKnownFileType = sourcecode.swift; path = HomeView.swift; sourceTree = "<group>"; };
		BE5D416A2BD0F00A00B259A6 /* LocationManager.swift */ = {isa = PBXFileReference; lastKnownFileType = sourcecode.swift; path = LocationManager.swift; sourceTree = "<group>"; };
		BE5D41762BD132BF00B259A6 /* Trip.swift */ = {isa = PBXFileReference; lastKnownFileType = sourcecode.swift; path = Trip.swift; sourceTree = "<group>"; };
		BE5D41782BD132E100B259A6 /* Location.swift */ = {isa = PBXFileReference; lastKnownFileType = sourcecode.swift; path = Location.swift; sourceTree = "<group>"; };
		BE5D417A2BD1331500B259A6 /* User.swift */ = {isa = PBXFileReference; lastKnownFileType = sourcecode.swift; path = User.swift; sourceTree = "<group>"; };
		BE5D417C2BD1334D00B259A6 /* ViewModel.swift */ = {isa = PBXFileReference; lastKnownFileType = sourcecode.swift; path = ViewModel.swift; sourceTree = "<group>"; };
/* End PBXFileReference section */

/* Begin PBXFrameworksBuildPhase section */
		B41536C62B755C34008191FA /* Frameworks */ = {
			isa = PBXFrameworksBuildPhase;
			buildActionMask = 2147483647;
			files = (
				BE58EF8C2BCDE4F00016DB16 /* FirebaseDatabase in Frameworks */,
				BE58EF9A2BCDE4F00016DB16 /* FirebaseFunctionsCombine-Community in Frameworks */,
				BE58EF922BCDE4F00016DB16 /* FirebaseFirestore in Frameworks */,
				BE5C434B2BD51DCF00320350 /* FirebaseMLModelDownloader in Frameworks */,
				BE58EF7E2BCDE4F00016DB16 /* FirebaseAnalyticsSwift in Frameworks */,
				BE5C43472BD51DCF00320350 /* FirebaseInAppMessagingSwift-Beta in Frameworks */,
				BE58EF7A2BCDE4F00016DB16 /* FirebaseAnalytics in Frameworks */,
				BE58EF7C2BCDE4F00016DB16 /* FirebaseAnalyticsOnDeviceConversion in Frameworks */,
				BE58EFA22BCDE4F00016DB16 /* FirebaseMLModelDownloader in Frameworks */,
				BE58EF962BCDE4F00016DB16 /* FirebaseFirestoreSwift in Frameworks */,
				BE58EF822BCDE4F00016DB16 /* FirebaseAppCheck in Frameworks */,
				BE58EF802BCDE4F00016DB16 /* FirebaseAnalyticsWithoutAdIdSupport in Frameworks */,
				BE5C43492BD51DCF00320350 /* FirebaseInstallations in Frameworks */,
				BE58EF862BCDE4F00016DB16 /* FirebaseAuth in Frameworks */,
				BE58EF8A2BCDE4F00016DB16 /* FirebaseCrashlytics in Frameworks */,
				BE58EFAA2BCDE4F00016DB16 /* FirebaseRemoteConfigSwift in Frameworks */,
				BE5C43572BD51DCF00320350 /* FirebaseStorageCombine-Community in Frameworks */,
				BE5C433B2BD51DCF00320350 /* FirebaseFirestore in Frameworks */,
				BE5C43252BD51DCF00320350 /* FirebaseAnalyticsOnDeviceConversion in Frameworks */,
				BE58EF9C2BCDE4F00016DB16 /* FirebaseInAppMessaging-Beta in Frameworks */,
				BE5C43232BD51DCF00320350 /* FirebaseAnalytics in Frameworks */,
				BE5C433F2BD51DCF00320350 /* FirebaseFirestoreSwift in Frameworks */,
				BE5C43512BD51DCF00320350 /* FirebaseRemoteConfig in Frameworks */,
				BE5C432B2BD51DCF00320350 /* FirebaseAppCheck in Frameworks */,
				BE5C43292BD51DCF00320350 /* FirebaseAnalyticsWithoutAdIdSupport in Frameworks */,
				BE5C43552BD51DCF00320350 /* FirebaseStorage in Frameworks */,
				BE58EF8E2BCDE4F00016DB16 /* FirebaseDatabaseSwift in Frameworks */,
				BE5C43532BD51DCF00320350 /* FirebaseRemoteConfigSwift in Frameworks */,
				BE5C43602BD52A7D00320350 /* BSImagePicker in Frameworks */,
				BE5C43312BD51DCF00320350 /* FirebaseAuthCombine-Community in Frameworks */,
				BE5C432F2BD51DCF00320350 /* FirebaseAuth in Frameworks */,
				BE58EF982BCDE4F00016DB16 /* FirebaseFunctions in Frameworks */,
				BE5C432D2BD51DCF00320350 /* FirebaseAppDistribution-Beta in Frameworks */,
				BE58EFAE2BCDE4F00016DB16 /* FirebaseStorageCombine-Community in Frameworks */,
				BE58EFA82BCDE4F00016DB16 /* FirebaseRemoteConfig in Frameworks */,
				BE5C43622BD52A8B00320350 /* BSImagePicker in Frameworks */,
				BE58EF842BCDE4F00016DB16 /* FirebaseAppDistribution-Beta in Frameworks */,
				BE58EF882BCDE4F00016DB16 /* FirebaseAuthCombine-Community in Frameworks */,
				BE5C43452BD51DCF00320350 /* FirebaseInAppMessaging-Beta in Frameworks */,
				BE58EFA62BCDE4F00016DB16 /* FirebasePerformance in Frameworks */,
				BE58EF9E2BCDE4F00016DB16 /* FirebaseInAppMessagingSwift-Beta in Frameworks */,
				BE5C43432BD51DCF00320350 /* FirebaseFunctionsCombine-Community in Frameworks */,
				BE5C43352BD51DCF00320350 /* FirebaseDatabase in Frameworks */,
				BE5C434D2BD51DCF00320350 /* FirebaseMessaging in Frameworks */,
				BE5C43272BD51DCF00320350 /* FirebaseAnalyticsSwift in Frameworks */,
				BE5C43412BD51DCF00320350 /* FirebaseFunctions in Frameworks */,
				BE58EFAC2BCDE4F00016DB16 /* FirebaseStorage in Frameworks */,
				BE5C43372BD51DCF00320350 /* FirebaseDatabaseSwift in Frameworks */,
				BE5C434F2BD51DCF00320350 /* FirebasePerformance in Frameworks */,
				BE58EF902BCDE4F00016DB16 /* FirebaseDynamicLinks in Frameworks */,
				BE58EF942BCDE4F00016DB16 /* FirebaseFirestoreCombine-Community in Frameworks */,
				BE5C43332BD51DCF00320350 /* FirebaseCrashlytics in Frameworks */,
				BE58EFA42BCDE4F00016DB16 /* FirebaseMessaging in Frameworks */,
				BE58EFA02BCDE4F00016DB16 /* FirebaseInstallations in Frameworks */,
				BE5C433D2BD51DCF00320350 /* FirebaseFirestoreCombine-Community in Frameworks */,
				BE5C43392BD51DCF00320350 /* FirebaseDynamicLinks in Frameworks */,
			);
			runOnlyForDeploymentPostprocessing = 0;
		};
/* End PBXFrameworksBuildPhase section */

/* Begin PBXGroup section */
		B41536C02B755C34008191FA = {
			isa = PBXGroup;
			children = (
				B41536CB2B755C34008191FA /* RoutePlanner */,
				B41536CA2B755C34008191FA /* Products */,
			);
			sourceTree = "<group>";
		};
		B41536CA2B755C34008191FA /* Products */ = {
			isa = PBXGroup;
			children = (
				B41536C92B755C34008191FA /* RoutePlanner.app */,
			);
			name = Products;
			sourceTree = "<group>";
		};
		B41536CB2B755C34008191FA /* RoutePlanner */ = {
			isa = PBXGroup;
			children = (
				BE5C43592BD51F9700320350 /* Image */,
				BE5D41752BD1329D00B259A6 /* models */,
				BE5D416E2BD12AC700B259A6 /* ViewModels */,
				BE58EFAF2BCDE6610016DB16 /* GoogleService-Info.plist */,
				B4A54A272B82FEF9008CB046 /* Features */,
				B4A54A262B82FED1008CB046 /* App */,
				B4A549F32B8047A8008CB046 /* Root */,
				B41536D02B755C36008191FA /* Assets.xcassets */,
				B41536D22B755C36008191FA /* Preview Content */,
			);
			path = RoutePlanner;
			sourceTree = "<group>";
		};
		B41536D22B755C36008191FA /* Preview Content */ = {
			isa = PBXGroup;
			children = (
				B41536D32B755C36008191FA /* Preview Assets.xcassets */,
			);
			path = "Preview Content";
			sourceTree = "<group>";
		};
		B4A549F02B804770008CB046 /* Profile */ = {
			isa = PBXGroup;
			children = (
				B4A549E32B7E9F4D008CB046 /* ProfileView.swift */,
			);
			path = Profile;
			sourceTree = "<group>";
		};
		B4A549F12B80477E008CB046 /* Notifications */ = {
			isa = PBXGroup;
			children = (
				B4A549E12B7E9F24008CB046 /* NotificationsView.swift */,
			);
			path = Notifications;
			sourceTree = "<group>";
		};
		B4A549F22B804790008CB046 /* Trips */ = {
			isa = PBXGroup;
			children = (
				B4A549EB2B7F2B00008CB046 /* SearchMapsView.swift */,
				BE36FC732BD89E9F001CB49B /* SwiftUIView.swift */,
				B4A549DF2B7E9ED7008CB046 /* TripsView.swift */,
				BE5CCEC72BD7D065008AB94F /* LocationRowView.swift */,
				B4A549E92B7F08CA008CB046 /* NewTripView.swift */,
				BE58EFB32BCE919B0016DB16 /* TripEditView.swift */,
				B4A549ED2B803CA8008CB046 /* TripDetailView.swift */,
				BE36FC752BD8A247001CB49B /* PublicTripView.swift */,
				BE5CCEC92BD7D6AD008AB94F /* HomeView.swift */,
			);
			path = Trips;
			sourceTree = "<group>";
		};
		B4A549F32B8047A8008CB046 /* Root */ = {
			isa = PBXGroup;
			children = (
				B4A549E52B7E9FC8008CB046 /* RootView.swift */,
			);
			path = Root;
			sourceTree = "<group>";
		};
		B4A54A262B82FED1008CB046 /* App */ = {
			isa = PBXGroup;
			children = (
				B41536CC2B755C34008191FA /* RoutePlannerApp.swift */,
				BE5CCEC52BD7C953008AB94F /* NetworkMonitor.swift */,
			);
			path = App;
			sourceTree = "<group>";
		};
		B4A54A272B82FEF9008CB046 /* Features */ = {
			isa = PBXGroup;
			children = (
				B4A549F22B804790008CB046 /* Trips */,
				B4A549F12B80477E008CB046 /* Notifications */,
				B4AC4BCF2B86D5BB00801C05 /* Map */,
				B4A54A282B82FF5A008CB046 /* Authentication */,
				B4A549F02B804770008CB046 /* Profile */,
			);
			path = Features;
			sourceTree = "<group>";
		};
		B4A54A282B82FF5A008CB046 /* Authentication */ = {
			isa = PBXGroup;
			children = (
				B4A54A292B82FF65008CB046 /* Views */,
			);
			path = Authentication;
			sourceTree = "<group>";
		};
		B4A54A292B82FF65008CB046 /* Views */ = {
			isa = PBXGroup;
			children = (
				B4A54A2A2B82FF73008CB046 /* LoginView.swift */,
				B4A54A2C2B830727008CB046 /* SignUpView.swift */,
			);
			path = Views;
			sourceTree = "<group>";
		};
		B4AC4BCF2B86D5BB00801C05 /* Map */ = {
			isa = PBXGroup;
			children = (
				B4AC4BD02B86D5D800801C05 /* Views */,
			);
			path = Map;
			sourceTree = "<group>";
		};
		B4AC4BD02B86D5D800801C05 /* Views */ = {
			isa = PBXGroup;
			children = (
				B4AC4BD12B86D5ED00801C05 /* MapView.swift */,
				BE5D416A2BD0F00A00B259A6 /* LocationManager.swift */,
			);
			path = Views;
			sourceTree = "<group>";
		};
		BE5C43592BD51F9700320350 /* Image */ = {
			isa = PBXGroup;
			children = (
				BE5C435A2BD51FB400320350 /* ImagePicker.swift */,
				BE5C435C2BD526E500320350 /* ImageViewer.swift */,
			);
			path = Image;
			sourceTree = "<group>";
		};
		BE5D416E2BD12AC700B259A6 /* ViewModels */ = {
			isa = PBXGroup;
			children = (
				BE5D417C2BD1334D00B259A6 /* ViewModel.swift */,
			);
			path = ViewModels;
			sourceTree = "<group>";
		};
		BE5D41752BD1329D00B259A6 /* models */ = {
			isa = PBXGroup;
			children = (
				BE5D41782BD132E100B259A6 /* Location.swift */,
				BE5D41762BD132BF00B259A6 /* Trip.swift */,
				BE5D417A2BD1331500B259A6 /* User.swift */,
			);
			path = models;
			sourceTree = "<group>";
		};
/* End PBXGroup section */

/* Begin PBXNativeTarget section */
		B41536C82B755C34008191FA /* RoutePlanner */ = {
			isa = PBXNativeTarget;
			buildConfigurationList = B41536D72B755C36008191FA /* Build configuration list for PBXNativeTarget "RoutePlanner" */;
			buildPhases = (
				B41536C52B755C34008191FA /* Sources */,
				B41536C62B755C34008191FA /* Frameworks */,
				B41536C72B755C34008191FA /* Resources */,
			);
			buildRules = (
			);
			dependencies = (
			);
			name = RoutePlanner;
			packageProductDependencies = (
				BE58EF792BCDE4F00016DB16 /* FirebaseAnalytics */,
				BE58EF7B2BCDE4F00016DB16 /* FirebaseAnalyticsOnDeviceConversion */,
				BE58EF7D2BCDE4F00016DB16 /* FirebaseAnalyticsSwift */,
				BE58EF7F2BCDE4F00016DB16 /* FirebaseAnalyticsWithoutAdIdSupport */,
				BE58EF812BCDE4F00016DB16 /* FirebaseAppCheck */,
				BE58EF832BCDE4F00016DB16 /* FirebaseAppDistribution-Beta */,
				BE58EF852BCDE4F00016DB16 /* FirebaseAuth */,
				BE58EF872BCDE4F00016DB16 /* FirebaseAuthCombine-Community */,
				BE58EF892BCDE4F00016DB16 /* FirebaseCrashlytics */,
				BE58EF8B2BCDE4F00016DB16 /* FirebaseDatabase */,
				BE58EF8D2BCDE4F00016DB16 /* FirebaseDatabaseSwift */,
				BE58EF8F2BCDE4F00016DB16 /* FirebaseDynamicLinks */,
				BE58EF912BCDE4F00016DB16 /* FirebaseFirestore */,
				BE58EF932BCDE4F00016DB16 /* FirebaseFirestoreCombine-Community */,
				BE58EF952BCDE4F00016DB16 /* FirebaseFirestoreSwift */,
				BE58EF972BCDE4F00016DB16 /* FirebaseFunctions */,
				BE58EF992BCDE4F00016DB16 /* FirebaseFunctionsCombine-Community */,
				BE58EF9B2BCDE4F00016DB16 /* FirebaseInAppMessaging-Beta */,
				BE58EF9D2BCDE4F00016DB16 /* FirebaseInAppMessagingSwift-Beta */,
				BE58EF9F2BCDE4F00016DB16 /* FirebaseInstallations */,
				BE58EFA12BCDE4F00016DB16 /* FirebaseMLModelDownloader */,
				BE58EFA32BCDE4F00016DB16 /* FirebaseMessaging */,
				BE58EFA52BCDE4F00016DB16 /* FirebasePerformance */,
				BE58EFA72BCDE4F00016DB16 /* FirebaseRemoteConfig */,
				BE58EFA92BCDE4F00016DB16 /* FirebaseRemoteConfigSwift */,
				BE58EFAB2BCDE4F00016DB16 /* FirebaseStorage */,
				BE58EFAD2BCDE4F00016DB16 /* FirebaseStorageCombine-Community */,
				BE5C43222BD51DCF00320350 /* FirebaseAnalytics */,
				BE5C43242BD51DCF00320350 /* FirebaseAnalyticsOnDeviceConversion */,
				BE5C43262BD51DCF00320350 /* FirebaseAnalyticsSwift */,
				BE5C43282BD51DCF00320350 /* FirebaseAnalyticsWithoutAdIdSupport */,
				BE5C432A2BD51DCF00320350 /* FirebaseAppCheck */,
				BE5C432C2BD51DCF00320350 /* FirebaseAppDistribution-Beta */,
				BE5C432E2BD51DCF00320350 /* FirebaseAuth */,
				BE5C43302BD51DCF00320350 /* FirebaseAuthCombine-Community */,
				BE5C43322BD51DCF00320350 /* FirebaseCrashlytics */,
				BE5C43342BD51DCF00320350 /* FirebaseDatabase */,
				BE5C43362BD51DCF00320350 /* FirebaseDatabaseSwift */,
				BE5C43382BD51DCF00320350 /* FirebaseDynamicLinks */,
				BE5C433A2BD51DCF00320350 /* FirebaseFirestore */,
				BE5C433C2BD51DCF00320350 /* FirebaseFirestoreCombine-Community */,
				BE5C433E2BD51DCF00320350 /* FirebaseFirestoreSwift */,
				BE5C43402BD51DCF00320350 /* FirebaseFunctions */,
				BE5C43422BD51DCF00320350 /* FirebaseFunctionsCombine-Community */,
				BE5C43442BD51DCF00320350 /* FirebaseInAppMessaging-Beta */,
				BE5C43462BD51DCF00320350 /* FirebaseInAppMessagingSwift-Beta */,
				BE5C43482BD51DCF00320350 /* FirebaseInstallations */,
				BE5C434A2BD51DCF00320350 /* FirebaseMLModelDownloader */,
				BE5C434C2BD51DCF00320350 /* FirebaseMessaging */,
				BE5C434E2BD51DCF00320350 /* FirebasePerformance */,
				BE5C43502BD51DCF00320350 /* FirebaseRemoteConfig */,
				BE5C43522BD51DCF00320350 /* FirebaseRemoteConfigSwift */,
				BE5C43542BD51DCF00320350 /* FirebaseStorage */,
				BE5C43562BD51DCF00320350 /* FirebaseStorageCombine-Community */,
				BE5C435F2BD52A7D00320350 /* BSImagePicker */,
				BE5C43612BD52A8B00320350 /* BSImagePicker */,
			);
			productName = RoutePlanner;
			productReference = B41536C92B755C34008191FA /* RoutePlanner.app */;
			productType = "com.apple.product-type.application";
		};
/* End PBXNativeTarget section */

/* Begin PBXProject section */
		B41536C12B755C34008191FA /* Project object */ = {
			isa = PBXProject;
			attributes = {
				BuildIndependentTargetsInParallel = 1;
				LastSwiftUpdateCheck = 1520;
				LastUpgradeCheck = 1520;
				TargetAttributes = {
					B41536C82B755C34008191FA = {
						CreatedOnToolsVersion = 15.2;
					};
				};
			};
			buildConfigurationList = B41536C42B755C34008191FA /* Build configuration list for PBXProject "RoutePlanner" */;
			compatibilityVersion = "Xcode 14.0";
			developmentRegion = en;
			hasScannedForEncodings = 0;
			knownRegions = (
				en,
				Base,
			);
			mainGroup = B41536C02B755C34008191FA;
			packageReferences = (
				BE58EF782BCDE4F00016DB16 /* XCRemoteSwiftPackageReference "firebase-ios-sdk" */,
				BE5C435E2BD52A7D00320350 /* XCRemoteSwiftPackageReference "BSImagePicker" */,
			);
			productRefGroup = B41536CA2B755C34008191FA /* Products */;
			projectDirPath = "";
			projectRoot = "";
			targets = (
				B41536C82B755C34008191FA /* RoutePlanner */,
			);
		};
/* End PBXProject section */

/* Begin PBXResourcesBuildPhase section */
		B41536C72B755C34008191FA /* Resources */ = {
			isa = PBXResourcesBuildPhase;
			buildActionMask = 2147483647;
			files = (
				B41536D42B755C36008191FA /* Preview Assets.xcassets in Resources */,
				B41536D12B755C36008191FA /* Assets.xcassets in Resources */,
				BE58EFB02BCDE6610016DB16 /* GoogleService-Info.plist in Resources */,
			);
			runOnlyForDeploymentPostprocessing = 0;
		};
/* End PBXResourcesBuildPhase section */

/* Begin PBXSourcesBuildPhase section */
		B41536C52B755C34008191FA /* Sources */ = {
			isa = PBXSourcesBuildPhase;
			buildActionMask = 2147483647;
			files = (
				B4A549E62B7E9FC8008CB046 /* RootView.swift in Sources */,
				BE5D416B2BD0F00A00B259A6 /* LocationManager.swift in Sources */,
				B4A549EC2B7F2B00008CB046 /* SearchMapsView.swift in Sources */,
				BE5C435B2BD51FB400320350 /* ImagePicker.swift in Sources */,
				B4A549EE2B803CA8008CB046 /* TripDetailView.swift in Sources */,
				BE5CCECA2BD7D6AD008AB94F /* HomeView.swift in Sources */,
				BE36FC742BD89E9F001CB49B /* SwiftUIView.swift in Sources */,
				BE5D41772BD132BF00B259A6 /* Trip.swift in Sources */,
				BE5D41792BD132E100B259A6 /* Location.swift in Sources */,
				B4A549EA2B7F08CA008CB046 /* NewTripView.swift in Sources */,
				BE58EFB42BCE919B0016DB16 /* TripEditView.swift in Sources */,
				B4A549E42B7E9F4D008CB046 /* ProfileView.swift in Sources */,
				B4A54A2B2B82FF73008CB046 /* LoginView.swift in Sources */,
				B4AC4BD22B86D5EE00801C05 /* MapView.swift in Sources */,
				BE5D417D2BD1334D00B259A6 /* ViewModel.swift in Sources */,
				B41536CD2B755C34008191FA /* RoutePlannerApp.swift in Sources */,
				BE36FC762BD8A247001CB49B /* PublicTripView.swift in Sources */,
				BE5C435D2BD526E500320350 /* ImageViewer.swift in Sources */,
				BE5CCEC82BD7D065008AB94F /* LocationRowView.swift in Sources */,
				B4A54A2D2B830727008CB046 /* SignUpView.swift in Sources */,
				BE5D417B2BD1331500B259A6 /* User.swift in Sources */,
				BE5CCEC62BD7C953008AB94F /* NetworkMonitor.swift in Sources */,
				B4A549E02B7E9ED7008CB046 /* TripsView.swift in Sources */,
				B4A549E22B7E9F24008CB046 /* NotificationsView.swift in Sources */,
			);
			runOnlyForDeploymentPostprocessing = 0;
		};
/* End PBXSourcesBuildPhase section */

/* Begin XCBuildConfiguration section */
		B41536D52B755C36008191FA /* Debug */ = {
			isa = XCBuildConfiguration;
			buildSettings = {
				ALWAYS_SEARCH_USER_PATHS = NO;
				ASSETCATALOG_COMPILER_GENERATE_SWIFT_ASSET_SYMBOL_EXTENSIONS = YES;
				CLANG_ANALYZER_NONNULL = YES;
				CLANG_ANALYZER_NUMBER_OBJECT_CONVERSION = YES_AGGRESSIVE;
				CLANG_CXX_LANGUAGE_STANDARD = "gnu++20";
				CLANG_ENABLE_MODULES = YES;
				CLANG_ENABLE_OBJC_ARC = YES;
				CLANG_ENABLE_OBJC_WEAK = YES;
				CLANG_WARN_BLOCK_CAPTURE_AUTORELEASING = YES;
				CLANG_WARN_BOOL_CONVERSION = YES;
				CLANG_WARN_COMMA = YES;
				CLANG_WARN_CONSTANT_CONVERSION = YES;
				CLANG_WARN_DEPRECATED_OBJC_IMPLEMENTATIONS = YES;
				CLANG_WARN_DIRECT_OBJC_ISA_USAGE = YES_ERROR;
				CLANG_WARN_DOCUMENTATION_COMMENTS = YES;
				CLANG_WARN_EMPTY_BODY = YES;
				CLANG_WARN_ENUM_CONVERSION = YES;
				CLANG_WARN_INFINITE_RECURSION = YES;
				CLANG_WARN_INT_CONVERSION = YES;
				CLANG_WARN_NON_LITERAL_NULL_CONVERSION = YES;
				CLANG_WARN_OBJC_IMPLICIT_RETAIN_SELF = YES;
				CLANG_WARN_OBJC_LITERAL_CONVERSION = YES;
				CLANG_WARN_OBJC_ROOT_CLASS = YES_ERROR;
				CLANG_WARN_QUOTED_INCLUDE_IN_FRAMEWORK_HEADER = YES;
				CLANG_WARN_RANGE_LOOP_ANALYSIS = YES;
				CLANG_WARN_STRICT_PROTOTYPES = YES;
				CLANG_WARN_SUSPICIOUS_MOVE = YES;
				CLANG_WARN_UNGUARDED_AVAILABILITY = YES_AGGRESSIVE;
				CLANG_WARN_UNREACHABLE_CODE = YES;
				CLANG_WARN__DUPLICATE_METHOD_MATCH = YES;
				COPY_PHASE_STRIP = NO;
				DEBUG_INFORMATION_FORMAT = dwarf;
				ENABLE_STRICT_OBJC_MSGSEND = YES;
				ENABLE_TESTABILITY = YES;
				ENABLE_USER_SCRIPT_SANDBOXING = YES;
				GCC_C_LANGUAGE_STANDARD = gnu17;
				GCC_DYNAMIC_NO_PIC = NO;
				GCC_NO_COMMON_BLOCKS = YES;
				GCC_OPTIMIZATION_LEVEL = 0;
				GCC_PREPROCESSOR_DEFINITIONS = (
					"DEBUG=1",
					"$(inherited)",
				);
				GCC_WARN_64_TO_32_BIT_CONVERSION = YES;
				GCC_WARN_ABOUT_RETURN_TYPE = YES_ERROR;
				GCC_WARN_UNDECLARED_SELECTOR = YES;
				GCC_WARN_UNINITIALIZED_AUTOS = YES_AGGRESSIVE;
				GCC_WARN_UNUSED_FUNCTION = YES;
				GCC_WARN_UNUSED_VARIABLE = YES;
				IPHONEOS_DEPLOYMENT_TARGET = 17.2;
				LOCALIZATION_PREFERS_STRING_CATALOGS = YES;
				MTL_ENABLE_DEBUG_INFO = INCLUDE_SOURCE;
				MTL_FAST_MATH = YES;
				ONLY_ACTIVE_ARCH = YES;
				SDKROOT = iphoneos;
				SWIFT_ACTIVE_COMPILATION_CONDITIONS = "DEBUG $(inherited)";
				SWIFT_OPTIMIZATION_LEVEL = "-Onone";
			};
			name = Debug;
		};
		B41536D62B755C36008191FA /* Release */ = {
			isa = XCBuildConfiguration;
			buildSettings = {
				ALWAYS_SEARCH_USER_PATHS = NO;
				ASSETCATALOG_COMPILER_GENERATE_SWIFT_ASSET_SYMBOL_EXTENSIONS = YES;
				CLANG_ANALYZER_NONNULL = YES;
				CLANG_ANALYZER_NUMBER_OBJECT_CONVERSION = YES_AGGRESSIVE;
				CLANG_CXX_LANGUAGE_STANDARD = "gnu++20";
				CLANG_ENABLE_MODULES = YES;
				CLANG_ENABLE_OBJC_ARC = YES;
				CLANG_ENABLE_OBJC_WEAK = YES;
				CLANG_WARN_BLOCK_CAPTURE_AUTORELEASING = YES;
				CLANG_WARN_BOOL_CONVERSION = YES;
				CLANG_WARN_COMMA = YES;
				CLANG_WARN_CONSTANT_CONVERSION = YES;
				CLANG_WARN_DEPRECATED_OBJC_IMPLEMENTATIONS = YES;
				CLANG_WARN_DIRECT_OBJC_ISA_USAGE = YES_ERROR;
				CLANG_WARN_DOCUMENTATION_COMMENTS = YES;
				CLANG_WARN_EMPTY_BODY = YES;
				CLANG_WARN_ENUM_CONVERSION = YES;
				CLANG_WARN_INFINITE_RECURSION = YES;
				CLANG_WARN_INT_CONVERSION = YES;
				CLANG_WARN_NON_LITERAL_NULL_CONVERSION = YES;
				CLANG_WARN_OBJC_IMPLICIT_RETAIN_SELF = YES;
				CLANG_WARN_OBJC_LITERAL_CONVERSION = YES;
				CLANG_WARN_OBJC_ROOT_CLASS = YES_ERROR;
				CLANG_WARN_QUOTED_INCLUDE_IN_FRAMEWORK_HEADER = YES;
				CLANG_WARN_RANGE_LOOP_ANALYSIS = YES;
				CLANG_WARN_STRICT_PROTOTYPES = YES;
				CLANG_WARN_SUSPICIOUS_MOVE = YES;
				CLANG_WARN_UNGUARDED_AVAILABILITY = YES_AGGRESSIVE;
				CLANG_WARN_UNREACHABLE_CODE = YES;
				CLANG_WARN__DUPLICATE_METHOD_MATCH = YES;
				COPY_PHASE_STRIP = NO;
				DEBUG_INFORMATION_FORMAT = "dwarf-with-dsym";
				ENABLE_NS_ASSERTIONS = NO;
				ENABLE_STRICT_OBJC_MSGSEND = YES;
				ENABLE_USER_SCRIPT_SANDBOXING = YES;
				GCC_C_LANGUAGE_STANDARD = gnu17;
				GCC_NO_COMMON_BLOCKS = YES;
				GCC_WARN_64_TO_32_BIT_CONVERSION = YES;
				GCC_WARN_ABOUT_RETURN_TYPE = YES_ERROR;
				GCC_WARN_UNDECLARED_SELECTOR = YES;
				GCC_WARN_UNINITIALIZED_AUTOS = YES_AGGRESSIVE;
				GCC_WARN_UNUSED_FUNCTION = YES;
				GCC_WARN_UNUSED_VARIABLE = YES;
				IPHONEOS_DEPLOYMENT_TARGET = 17.2;
				LOCALIZATION_PREFERS_STRING_CATALOGS = YES;
				MTL_ENABLE_DEBUG_INFO = NO;
				MTL_FAST_MATH = YES;
				SDKROOT = iphoneos;
				SWIFT_COMPILATION_MODE = wholemodule;
				VALIDATE_PRODUCT = YES;
			};
			name = Release;
		};
		B41536D82B755C36008191FA /* Debug */ = {
			isa = XCBuildConfiguration;
			buildSettings = {
				ASSETCATALOG_COMPILER_APPICON_NAME = AppIcon;
				ASSETCATALOG_COMPILER_GLOBAL_ACCENT_COLOR_NAME = AccentColor;
				CODE_SIGN_STYLE = Automatic;
				CURRENT_PROJECT_VERSION = 1;
				DEVELOPMENT_ASSET_PATHS = "\"RoutePlanner/Preview Content\"";
				DEVELOPMENT_TEAM = J49GXVZUM3;
				ENABLE_PREVIEWS = YES;
				GENERATE_INFOPLIST_FILE = YES;
				INFOPLIST_KEY_NSFaceIDUsageDescription = "We use Face ID to secure your personal data.";
				INFOPLIST_KEY_NSLocationAlwaysUsageDescription = "We need your location to provide navigation instructions";
				INFOPLIST_KEY_NSLocationWhenInUseUsageDescription = "We need your location to show it on the map";
				INFOPLIST_KEY_UIApplicationSceneManifest_Generation = YES;
				INFOPLIST_KEY_UIApplicationSupportsIndirectInputEvents = YES;
				INFOPLIST_KEY_UILaunchScreen_Generation = YES;
				INFOPLIST_KEY_UISupportedInterfaceOrientations_iPad = "UIInterfaceOrientationPortrait UIInterfaceOrientationPortraitUpsideDown UIInterfaceOrientationLandscapeLeft UIInterfaceOrientationLandscapeRight";
				INFOPLIST_KEY_UISupportedInterfaceOrientations_iPhone = "UIInterfaceOrientationPortrait UIInterfaceOrientationLandscapeLeft UIInterfaceOrientationLandscapeRight";
				LD_RUNPATH_SEARCH_PATHS = (
					"$(inherited)",
					"@executable_path/Frameworks",
				);
				MARKETING_VERSION = 1.0;
				PRODUCT_BUNDLE_IDENTIFIER = me.khanhchung.RoutePlanner;
				PRODUCT_NAME = "$(TARGET_NAME)";
				SWIFT_EMIT_LOC_STRINGS = YES;
				SWIFT_VERSION = 5.0;
				TARGETED_DEVICE_FAMILY = "1,2";
			};
			name = Debug;
		};
		B41536D92B755C36008191FA /* Release */ = {
			isa = XCBuildConfiguration;
			buildSettings = {
				ASSETCATALOG_COMPILER_APPICON_NAME = AppIcon;
				ASSETCATALOG_COMPILER_GLOBAL_ACCENT_COLOR_NAME = AccentColor;
				CODE_SIGN_STYLE = Automatic;
				CURRENT_PROJECT_VERSION = 1;
				DEVELOPMENT_ASSET_PATHS = "\"RoutePlanner/Preview Content\"";
				DEVELOPMENT_TEAM = J49GXVZUM3;
				ENABLE_PREVIEWS = YES;
				GENERATE_INFOPLIST_FILE = YES;
				INFOPLIST_KEY_NSFaceIDUsageDescription = "We use Face ID to secure your personal data.";
				INFOPLIST_KEY_NSLocationAlwaysUsageDescription = "We need your location to provide navigation instructions";
				INFOPLIST_KEY_NSLocationWhenInUseUsageDescription = "We need your location to show it on the map";
				INFOPLIST_KEY_UIApplicationSceneManifest_Generation = YES;
				INFOPLIST_KEY_UIApplicationSupportsIndirectInputEvents = YES;
				INFOPLIST_KEY_UILaunchScreen_Generation = YES;
				INFOPLIST_KEY_UISupportedInterfaceOrientations_iPad = "UIInterfaceOrientationPortrait UIInterfaceOrientationPortraitUpsideDown UIInterfaceOrientationLandscapeLeft UIInterfaceOrientationLandscapeRight";
				INFOPLIST_KEY_UISupportedInterfaceOrientations_iPhone = "UIInterfaceOrientationPortrait UIInterfaceOrientationLandscapeLeft UIInterfaceOrientationLandscapeRight";
				LD_RUNPATH_SEARCH_PATHS = (
					"$(inherited)",
					"@executable_path/Frameworks",
				);
				MARKETING_VERSION = 1.0;
				PRODUCT_BUNDLE_IDENTIFIER = me.khanhchung.RoutePlanner;
				PRODUCT_NAME = "$(TARGET_NAME)";
				SWIFT_EMIT_LOC_STRINGS = YES;
				SWIFT_VERSION = 5.0;
				TARGETED_DEVICE_FAMILY = "1,2";
			};
			name = Release;
		};
/* End XCBuildConfiguration section */

/* Begin XCConfigurationList section */
		B41536C42B755C34008191FA /* Build configuration list for PBXProject "RoutePlanner" */ = {
			isa = XCConfigurationList;
			buildConfigurations = (
				B41536D52B755C36008191FA /* Debug */,
				B41536D62B755C36008191FA /* Release */,
			);
			defaultConfigurationIsVisible = 0;
			defaultConfigurationName = Release;
		};
		B41536D72B755C36008191FA /* Build configuration list for PBXNativeTarget "RoutePlanner" */ = {
			isa = XCConfigurationList;
			buildConfigurations = (
				B41536D82B755C36008191FA /* Debug */,
				B41536D92B755C36008191FA /* Release */,
			);
			defaultConfigurationIsVisible = 0;
			defaultConfigurationName = Release;
		};
/* End XCConfigurationList section */

/* Begin XCRemoteSwiftPackageReference section */
		BE58EF782BCDE4F00016DB16 /* XCRemoteSwiftPackageReference "firebase-ios-sdk" */ = {
			isa = XCRemoteSwiftPackageReference;
			repositoryURL = "https://github.com/firebase/firebase-ios-sdk";
			requirement = {
				kind = upToNextMajorVersion;
				minimumVersion = 10.24.0;
			};
		};
		BE5C435E2BD52A7D00320350 /* XCRemoteSwiftPackageReference "BSImagePicker" */ = {
			isa = XCRemoteSwiftPackageReference;
			repositoryURL = "https://github.com/mikaoj/BSImagePicker";
			requirement = {
				kind = upToNextMajorVersion;
				minimumVersion = 3.3.2;
			};
		};
/* End XCRemoteSwiftPackageReference section */

/* Begin XCSwiftPackageProductDependency section */
		BE58EF792BCDE4F00016DB16 /* FirebaseAnalytics */ = {
			isa = XCSwiftPackageProductDependency;
			package = BE58EF782BCDE4F00016DB16 /* XCRemoteSwiftPackageReference "firebase-ios-sdk" */;
			productName = FirebaseAnalytics;
		};
		BE58EF7B2BCDE4F00016DB16 /* FirebaseAnalyticsOnDeviceConversion */ = {
			isa = XCSwiftPackageProductDependency;
			package = BE58EF782BCDE4F00016DB16 /* XCRemoteSwiftPackageReference "firebase-ios-sdk" */;
			productName = FirebaseAnalyticsOnDeviceConversion;
		};
		BE58EF7D2BCDE4F00016DB16 /* FirebaseAnalyticsSwift */ = {
			isa = XCSwiftPackageProductDependency;
			package = BE58EF782BCDE4F00016DB16 /* XCRemoteSwiftPackageReference "firebase-ios-sdk" */;
			productName = FirebaseAnalyticsSwift;
		};
		BE58EF7F2BCDE4F00016DB16 /* FirebaseAnalyticsWithoutAdIdSupport */ = {
			isa = XCSwiftPackageProductDependency;
			package = BE58EF782BCDE4F00016DB16 /* XCRemoteSwiftPackageReference "firebase-ios-sdk" */;
			productName = FirebaseAnalyticsWithoutAdIdSupport;
		};
		BE58EF812BCDE4F00016DB16 /* FirebaseAppCheck */ = {
			isa = XCSwiftPackageProductDependency;
			package = BE58EF782BCDE4F00016DB16 /* XCRemoteSwiftPackageReference "firebase-ios-sdk" */;
			productName = FirebaseAppCheck;
		};
		BE58EF832BCDE4F00016DB16 /* FirebaseAppDistribution-Beta */ = {
			isa = XCSwiftPackageProductDependency;
			package = BE58EF782BCDE4F00016DB16 /* XCRemoteSwiftPackageReference "firebase-ios-sdk" */;
			productName = "FirebaseAppDistribution-Beta";
		};
		BE58EF852BCDE4F00016DB16 /* FirebaseAuth */ = {
			isa = XCSwiftPackageProductDependency;
			package = BE58EF782BCDE4F00016DB16 /* XCRemoteSwiftPackageReference "firebase-ios-sdk" */;
			productName = FirebaseAuth;
		};
		BE58EF872BCDE4F00016DB16 /* FirebaseAuthCombine-Community */ = {
			isa = XCSwiftPackageProductDependency;
			package = BE58EF782BCDE4F00016DB16 /* XCRemoteSwiftPackageReference "firebase-ios-sdk" */;
			productName = "FirebaseAuthCombine-Community";
		};
		BE58EF892BCDE4F00016DB16 /* FirebaseCrashlytics */ = {
			isa = XCSwiftPackageProductDependency;
			package = BE58EF782BCDE4F00016DB16 /* XCRemoteSwiftPackageReference "firebase-ios-sdk" */;
			productName = FirebaseCrashlytics;
		};
		BE58EF8B2BCDE4F00016DB16 /* FirebaseDatabase */ = {
			isa = XCSwiftPackageProductDependency;
			package = BE58EF782BCDE4F00016DB16 /* XCRemoteSwiftPackageReference "firebase-ios-sdk" */;
			productName = FirebaseDatabase;
		};
		BE58EF8D2BCDE4F00016DB16 /* FirebaseDatabaseSwift */ = {
			isa = XCSwiftPackageProductDependency;
			package = BE58EF782BCDE4F00016DB16 /* XCRemoteSwiftPackageReference "firebase-ios-sdk" */;
			productName = FirebaseDatabaseSwift;
		};
		BE58EF8F2BCDE4F00016DB16 /* FirebaseDynamicLinks */ = {
			isa = XCSwiftPackageProductDependency;
			package = BE58EF782BCDE4F00016DB16 /* XCRemoteSwiftPackageReference "firebase-ios-sdk" */;
			productName = FirebaseDynamicLinks;
		};
		BE58EF912BCDE4F00016DB16 /* FirebaseFirestore */ = {
			isa = XCSwiftPackageProductDependency;
			package = BE58EF782BCDE4F00016DB16 /* XCRemoteSwiftPackageReference "firebase-ios-sdk" */;
			productName = FirebaseFirestore;
		};
		BE58EF932BCDE4F00016DB16 /* FirebaseFirestoreCombine-Community */ = {
			isa = XCSwiftPackageProductDependency;
			package = BE58EF782BCDE4F00016DB16 /* XCRemoteSwiftPackageReference "firebase-ios-sdk" */;
			productName = "FirebaseFirestoreCombine-Community";
		};
		BE58EF952BCDE4F00016DB16 /* FirebaseFirestoreSwift */ = {
			isa = XCSwiftPackageProductDependency;
			package = BE58EF782BCDE4F00016DB16 /* XCRemoteSwiftPackageReference "firebase-ios-sdk" */;
			productName = FirebaseFirestoreSwift;
		};
		BE58EF972BCDE4F00016DB16 /* FirebaseFunctions */ = {
			isa = XCSwiftPackageProductDependency;
			package = BE58EF782BCDE4F00016DB16 /* XCRemoteSwiftPackageReference "firebase-ios-sdk" */;
			productName = FirebaseFunctions;
		};
		BE58EF992BCDE4F00016DB16 /* FirebaseFunctionsCombine-Community */ = {
			isa = XCSwiftPackageProductDependency;
			package = BE58EF782BCDE4F00016DB16 /* XCRemoteSwiftPackageReference "firebase-ios-sdk" */;
			productName = "FirebaseFunctionsCombine-Community";
		};
		BE58EF9B2BCDE4F00016DB16 /* FirebaseInAppMessaging-Beta */ = {
			isa = XCSwiftPackageProductDependency;
			package = BE58EF782BCDE4F00016DB16 /* XCRemoteSwiftPackageReference "firebase-ios-sdk" */;
			productName = "FirebaseInAppMessaging-Beta";
		};
		BE58EF9D2BCDE4F00016DB16 /* FirebaseInAppMessagingSwift-Beta */ = {
			isa = XCSwiftPackageProductDependency;
			package = BE58EF782BCDE4F00016DB16 /* XCRemoteSwiftPackageReference "firebase-ios-sdk" */;
			productName = "FirebaseInAppMessagingSwift-Beta";
		};
		BE58EF9F2BCDE4F00016DB16 /* FirebaseInstallations */ = {
			isa = XCSwiftPackageProductDependency;
			package = BE58EF782BCDE4F00016DB16 /* XCRemoteSwiftPackageReference "firebase-ios-sdk" */;
			productName = FirebaseInstallations;
		};
		BE58EFA12BCDE4F00016DB16 /* FirebaseMLModelDownloader */ = {
			isa = XCSwiftPackageProductDependency;
			package = BE58EF782BCDE4F00016DB16 /* XCRemoteSwiftPackageReference "firebase-ios-sdk" */;
			productName = FirebaseMLModelDownloader;
		};
		BE58EFA32BCDE4F00016DB16 /* FirebaseMessaging */ = {
			isa = XCSwiftPackageProductDependency;
			package = BE58EF782BCDE4F00016DB16 /* XCRemoteSwiftPackageReference "firebase-ios-sdk" */;
			productName = FirebaseMessaging;
		};
		BE58EFA52BCDE4F00016DB16 /* FirebasePerformance */ = {
			isa = XCSwiftPackageProductDependency;
			package = BE58EF782BCDE4F00016DB16 /* XCRemoteSwiftPackageReference "firebase-ios-sdk" */;
			productName = FirebasePerformance;
		};
		BE58EFA72BCDE4F00016DB16 /* FirebaseRemoteConfig */ = {
			isa = XCSwiftPackageProductDependency;
			package = BE58EF782BCDE4F00016DB16 /* XCRemoteSwiftPackageReference "firebase-ios-sdk" */;
			productName = FirebaseRemoteConfig;
		};
		BE58EFA92BCDE4F00016DB16 /* FirebaseRemoteConfigSwift */ = {
			isa = XCSwiftPackageProductDependency;
			package = BE58EF782BCDE4F00016DB16 /* XCRemoteSwiftPackageReference "firebase-ios-sdk" */;
			productName = FirebaseRemoteConfigSwift;
		};
		BE58EFAB2BCDE4F00016DB16 /* FirebaseStorage */ = {
			isa = XCSwiftPackageProductDependency;
			package = BE58EF782BCDE4F00016DB16 /* XCRemoteSwiftPackageReference "firebase-ios-sdk" */;
			productName = FirebaseStorage;
		};
		BE58EFAD2BCDE4F00016DB16 /* FirebaseStorageCombine-Community */ = {
			isa = XCSwiftPackageProductDependency;
			package = BE58EF782BCDE4F00016DB16 /* XCRemoteSwiftPackageReference "firebase-ios-sdk" */;
			productName = "FirebaseStorageCombine-Community";
		};
		BE5C43222BD51DCF00320350 /* FirebaseAnalytics */ = {
			isa = XCSwiftPackageProductDependency;
			package = BE58EF782BCDE4F00016DB16 /* XCRemoteSwiftPackageReference "firebase-ios-sdk" */;
			productName = FirebaseAnalytics;
		};
		BE5C43242BD51DCF00320350 /* FirebaseAnalyticsOnDeviceConversion */ = {
			isa = XCSwiftPackageProductDependency;
			package = BE58EF782BCDE4F00016DB16 /* XCRemoteSwiftPackageReference "firebase-ios-sdk" */;
			productName = FirebaseAnalyticsOnDeviceConversion;
		};
		BE5C43262BD51DCF00320350 /* FirebaseAnalyticsSwift */ = {
			isa = XCSwiftPackageProductDependency;
			package = BE58EF782BCDE4F00016DB16 /* XCRemoteSwiftPackageReference "firebase-ios-sdk" */;
			productName = FirebaseAnalyticsSwift;
		};
		BE5C43282BD51DCF00320350 /* FirebaseAnalyticsWithoutAdIdSupport */ = {
			isa = XCSwiftPackageProductDependency;
			package = BE58EF782BCDE4F00016DB16 /* XCRemoteSwiftPackageReference "firebase-ios-sdk" */;
			productName = FirebaseAnalyticsWithoutAdIdSupport;
		};
		BE5C432A2BD51DCF00320350 /* FirebaseAppCheck */ = {
			isa = XCSwiftPackageProductDependency;
			package = BE58EF782BCDE4F00016DB16 /* XCRemoteSwiftPackageReference "firebase-ios-sdk" */;
			productName = FirebaseAppCheck;
		};
		BE5C432C2BD51DCF00320350 /* FirebaseAppDistribution-Beta */ = {
			isa = XCSwiftPackageProductDependency;
			package = BE58EF782BCDE4F00016DB16 /* XCRemoteSwiftPackageReference "firebase-ios-sdk" */;
			productName = "FirebaseAppDistribution-Beta";
		};
		BE5C432E2BD51DCF00320350 /* FirebaseAuth */ = {
			isa = XCSwiftPackageProductDependency;
			package = BE58EF782BCDE4F00016DB16 /* XCRemoteSwiftPackageReference "firebase-ios-sdk" */;
			productName = FirebaseAuth;
		};
		BE5C43302BD51DCF00320350 /* FirebaseAuthCombine-Community */ = {
			isa = XCSwiftPackageProductDependency;
			package = BE58EF782BCDE4F00016DB16 /* XCRemoteSwiftPackageReference "firebase-ios-sdk" */;
			productName = "FirebaseAuthCombine-Community";
		};
		BE5C43322BD51DCF00320350 /* FirebaseCrashlytics */ = {
			isa = XCSwiftPackageProductDependency;
			package = BE58EF782BCDE4F00016DB16 /* XCRemoteSwiftPackageReference "firebase-ios-sdk" */;
			productName = FirebaseCrashlytics;
		};
		BE5C43342BD51DCF00320350 /* FirebaseDatabase */ = {
			isa = XCSwiftPackageProductDependency;
			package = BE58EF782BCDE4F00016DB16 /* XCRemoteSwiftPackageReference "firebase-ios-sdk" */;
			productName = FirebaseDatabase;
		};
		BE5C43362BD51DCF00320350 /* FirebaseDatabaseSwift */ = {
			isa = XCSwiftPackageProductDependency;
			package = BE58EF782BCDE4F00016DB16 /* XCRemoteSwiftPackageReference "firebase-ios-sdk" */;
			productName = FirebaseDatabaseSwift;
		};
		BE5C43382BD51DCF00320350 /* FirebaseDynamicLinks */ = {
			isa = XCSwiftPackageProductDependency;
			package = BE58EF782BCDE4F00016DB16 /* XCRemoteSwiftPackageReference "firebase-ios-sdk" */;
			productName = FirebaseDynamicLinks;
		};
		BE5C433A2BD51DCF00320350 /* FirebaseFirestore */ = {
			isa = XCSwiftPackageProductDependency;
			package = BE58EF782BCDE4F00016DB16 /* XCRemoteSwiftPackageReference "firebase-ios-sdk" */;
			productName = FirebaseFirestore;
		};
		BE5C433C2BD51DCF00320350 /* FirebaseFirestoreCombine-Community */ = {
			isa = XCSwiftPackageProductDependency;
			package = BE58EF782BCDE4F00016DB16 /* XCRemoteSwiftPackageReference "firebase-ios-sdk" */;
			productName = "FirebaseFirestoreCombine-Community";
		};
		BE5C433E2BD51DCF00320350 /* FirebaseFirestoreSwift */ = {
			isa = XCSwiftPackageProductDependency;
			package = BE58EF782BCDE4F00016DB16 /* XCRemoteSwiftPackageReference "firebase-ios-sdk" */;
			productName = FirebaseFirestoreSwift;
		};
		BE5C43402BD51DCF00320350 /* FirebaseFunctions */ = {
			isa = XCSwiftPackageProductDependency;
			package = BE58EF782BCDE4F00016DB16 /* XCRemoteSwiftPackageReference "firebase-ios-sdk" */;
			productName = FirebaseFunctions;
		};
		BE5C43422BD51DCF00320350 /* FirebaseFunctionsCombine-Community */ = {
			isa = XCSwiftPackageProductDependency;
			package = BE58EF782BCDE4F00016DB16 /* XCRemoteSwiftPackageReference "firebase-ios-sdk" */;
			productName = "FirebaseFunctionsCombine-Community";
		};
		BE5C43442BD51DCF00320350 /* FirebaseInAppMessaging-Beta */ = {
			isa = XCSwiftPackageProductDependency;
			package = BE58EF782BCDE4F00016DB16 /* XCRemoteSwiftPackageReference "firebase-ios-sdk" */;
			productName = "FirebaseInAppMessaging-Beta";
		};
		BE5C43462BD51DCF00320350 /* FirebaseInAppMessagingSwift-Beta */ = {
			isa = XCSwiftPackageProductDependency;
			package = BE58EF782BCDE4F00016DB16 /* XCRemoteSwiftPackageReference "firebase-ios-sdk" */;
			productName = "FirebaseInAppMessagingSwift-Beta";
		};
		BE5C43482BD51DCF00320350 /* FirebaseInstallations */ = {
			isa = XCSwiftPackageProductDependency;
			package = BE58EF782BCDE4F00016DB16 /* XCRemoteSwiftPackageReference "firebase-ios-sdk" */;
			productName = FirebaseInstallations;
		};
		BE5C434A2BD51DCF00320350 /* FirebaseMLModelDownloader */ = {
			isa = XCSwiftPackageProductDependency;
			package = BE58EF782BCDE4F00016DB16 /* XCRemoteSwiftPackageReference "firebase-ios-sdk" */;
			productName = FirebaseMLModelDownloader;
		};
		BE5C434C2BD51DCF00320350 /* FirebaseMessaging */ = {
			isa = XCSwiftPackageProductDependency;
			package = BE58EF782BCDE4F00016DB16 /* XCRemoteSwiftPackageReference "firebase-ios-sdk" */;
			productName = FirebaseMessaging;
		};
		BE5C434E2BD51DCF00320350 /* FirebasePerformance */ = {
			isa = XCSwiftPackageProductDependency;
			package = BE58EF782BCDE4F00016DB16 /* XCRemoteSwiftPackageReference "firebase-ios-sdk" */;
			productName = FirebasePerformance;
		};
		BE5C43502BD51DCF00320350 /* FirebaseRemoteConfig */ = {
			isa = XCSwiftPackageProductDependency;
			package = BE58EF782BCDE4F00016DB16 /* XCRemoteSwiftPackageReference "firebase-ios-sdk" */;
			productName = FirebaseRemoteConfig;
		};
		BE5C43522BD51DCF00320350 /* FirebaseRemoteConfigSwift */ = {
			isa = XCSwiftPackageProductDependency;
			package = BE58EF782BCDE4F00016DB16 /* XCRemoteSwiftPackageReference "firebase-ios-sdk" */;
			productName = FirebaseRemoteConfigSwift;
		};
		BE5C43542BD51DCF00320350 /* FirebaseStorage */ = {
			isa = XCSwiftPackageProductDependency;
			package = BE58EF782BCDE4F00016DB16 /* XCRemoteSwiftPackageReference "firebase-ios-sdk" */;
			productName = FirebaseStorage;
		};
		BE5C43562BD51DCF00320350 /* FirebaseStorageCombine-Community */ = {
			isa = XCSwiftPackageProductDependency;
			package = BE58EF782BCDE4F00016DB16 /* XCRemoteSwiftPackageReference "firebase-ios-sdk" */;
			productName = "FirebaseStorageCombine-Community";
		};
		BE5C435F2BD52A7D00320350 /* BSImagePicker */ = {
			isa = XCSwiftPackageProductDependency;
			package = BE5C435E2BD52A7D00320350 /* XCRemoteSwiftPackageReference "BSImagePicker" */;
			productName = BSImagePicker;
		};
		BE5C43612BD52A8B00320350 /* BSImagePicker */ = {
			isa = XCSwiftPackageProductDependency;
			package = BE5C435E2BD52A7D00320350 /* XCRemoteSwiftPackageReference "BSImagePicker" */;
			productName = BSImagePicker;
		};
/* End XCSwiftPackageProductDependency section */
	};
	rootObject = B41536C12B755C34008191FA /* Project object */;
}
